
Microsoft Visual Studio Solution File, Format Version 12.00
# Visual Studio 15
VisualStudioVersion = 15.0.27703.2047
MinimumVisualStudioVersion = 10.0.40219.1
Project("{FAE04EC0-301F-11D3-BF4B-00C04F79EFBC}") = "LeetCode", "LeetCode\LeetCode.csproj", "{DC2ECAA6-E1ED-45F2-B091-A0186EA6C583}"
EndProject
Global
	GlobalSection(SolutionConfigurationPlatforms) = preSolution
		Debug|Any CPU = Debug|Any CPU
		Release|Any CPU = Release|Any CPU
	EndGlobalSection
	GlobalSection(ProjectConfigurationPlatforms) = postSolution
		{DC2ECAA6-E1ED-45F2-B091-A0186EA6C583}.Debug|Any CPU.ActiveCfg = Debug|Any CPU
		{DC2ECAA6-E1ED-45F2-B091-A0186EA6C583}.Debug|Any CPU.Build.0 = Debug|Any CPU
		{DC2ECAA6-E1ED-45F2-B091-A0186EA6C583}.Release|Any CPU.ActiveCfg = Release|Any CPU
		{DC2ECAA6-E1ED-45F2-B091-A0186EA6C583}.Release|Any CPU.Build.0 = Release|Any CPU
	EndGlobalSection
	GlobalSection(SolutionProperties) = preSolution
		HideSolutionNode = FALSE
	EndGlobalSection
	GlobalSection(ExtensibilityGlobals) = postSolution
		SolutionGuid = {0FD96CFE-867B-4D04-B3CE-3C92B853A5C5}
	EndGlobalSection
EndGlobal
